
Microsoft Visual Studio Solution File, Format Version 12.00
# Visual Studio Version 16
VisualStudioVersion = 16.0.30804.86
MinimumVisualStudioVersion = 10.0.40219.1
Project("{9A19103F-16F7-4668-BE54-9A1E7A4F7556}") = "TwitterStatistics", "TwitterAPI\TwitterStatistics.csproj", "{3557CCD2-2F64-4B1A-950C-858C2ACA6AFC}"
EndProject
Project("{9A19103F-16F7-4668-BE54-9A1E7A4F7556}") = "TwitterStatisticsTests", "TwitterAPIUnitTests\TwitterStatisticsTests.csproj", "{3FF5B960-1196-4186-938D-B65DF99F6D2E}"
EndProject
Global
	GlobalSection(SolutionConfigurationPlatforms) = preSolution
		Debug|Any CPU = Debug|Any CPU
		Release|Any CPU = Release|Any CPU
	EndGlobalSection
	GlobalSection(ProjectConfigurationPlatforms) = postSolution
		{3557CCD2-2F64-4B1A-950C-858C2ACA6AFC}.Debug|Any CPU.ActiveCfg = Debug|Any CPU
		{3557CCD2-2F64-4B1A-950C-858C2ACA6AFC}.Debug|Any CPU.Build.0 = Debug|Any CPU
		{3557CCD2-2F64-4B1A-950C-858C2ACA6AFC}.Release|Any CPU.ActiveCfg = Release|Any CPU
		{3557CCD2-2F64-4B1A-950C-858C2ACA6AFC}.Release|Any CPU.Build.0 = Release|Any CPU
		{3FF5B960-1196-4186-938D-B65DF99F6D2E}.Debug|Any CPU.ActiveCfg = Debug|Any CPU
		{3FF5B960-1196-4186-938D-B65DF99F6D2E}.Debug|Any CPU.Build.0 = Debug|Any CPU
		{3FF5B960-1196-4186-938D-B65DF99F6D2E}.Release|Any CPU.ActiveCfg = Release|Any CPU
		{3FF5B960-1196-4186-938D-B65DF99F6D2E}.Release|Any CPU.Build.0 = Release|Any CPU
	EndGlobalSection
	GlobalSection(SolutionProperties) = preSolution
		HideSolutionNode = FALSE
	EndGlobalSection
	GlobalSection(ExtensibilityGlobals) = postSolution
		SolutionGuid = {1C94CD79-E325-456D-87D3-EFBD22F70FAF}
	EndGlobalSection
EndGlobal
